github.com/cyverse-de/configurate v0.0.0-20180510193728-31a2137ff467 h1:xk1PpAJzeMlzSzqVeVXMvGJ22rFlsBII/fZSUAYpMkI=
github.com/cyverse-de/configurate v0.0.0-20180510193728-31a2137ff467/go.mod h1:QMZ4G8bX5f0vKiH9+/2JqV687mN1byJ18tjZwIJIagI=
github.com/cyverse-de/model v0.0.0-20170711180048-bf8453314372 h1:l8mRQiRozj1fI7qeGsc+tK1VnQLbT8OE2A/Bn0szBWw=
github.com/cyverse-de/model v0.0.0-20170711180048-bf8453314372/go.mod h1:baDVP9GnFuZ3A/u/vW5CJgaGcs+1C6lKeC0PIE4i8y0=
github.com/cyverse-de/version v0.0.0-20160721234331-5119d6500655 h1:FOEB5zuAJqQFKT4RV4XGrOOLtNIT5WCwSNGpiV+kZVo=
github.com/cyverse-de/version v0.0.0-20160721234331-5119d6500655/go.mod h1:RPIIJ3WA8E1hR5MXTHJgUYMRcgF2iusaRjO9612ppFs=
github.com/davecgh/go-spew v1.1.0/go.mod h1:J7Y8YcW2NihsgmVo/mv3lAwl/skON4iLHjSsI+c5H38=
github.com/davecgh/go-spew v1.1.1 h1:vj9j/u1bqnvCEfJOwUhtlOARqs3+rkHYY13jYWTU97c=
github.com/davecgh/go-spew v1.1.1/go.mod h1:J7Y8YcW2NihsgmVo/mv3lAwl/skON4iLHjSsI+c5H38=
github.com/fsnotify/fsnotify v1.3.2-0.20160816051541-f12c6236fe7b h1:clQtr7BsnoijdumdhlbbOGglPb1lIAJ3yTPjYOHlKdQ=
github.com/fsnotify/fsnotify v1.3.2-0.20160816051541-f12c6236fe7b/go.mod h1:jwhsz4b93w/PPRr/qN1Yymfu8t87LnFCMoQvtojpjFo=
github.com/hashicorp/hcl v0.0.0-20160822214145-baeb59c71071 h1:CBvdmllHJsBQXv6fT+XtxbakibDgKfa0gTttWjakRVw=
github.com/hashicorp/hcl v0.0.0-20160822214145-baeb59c71071/go.mod h1:oZtUIOe8dh44I2q6ScRibXws4Ajl+d+nod3AaR9vL5w=
github.com/kr/fs v0.0.0-20131111012553-2788f0dbd169 h1:YUrU1/jxRqnt0PSrKj1Uj/wEjk/fjnE80QFfi2Zlj7Q=
github.com/kr/fs v0.0.0-20131111012553-2788f0dbd169/go.mod h1:glhvuHOU9Hy7/8PwwdtnarXqLagOX0b/TbZx2zLMqEg=
github.com/kr/pretty v0.2.1 h1:Fmg33tUaq4/8ym9TJN1x7sLJnHVwhP33CNkpYV/7rwI=
github.com/kr/pretty v0.2.1/go.mod h1:ipq/a2n7PKx3OHsz4KJII5eveXtPO4qwEXGdVfWzfnI=
github.com/kr/pty v1.1.1/go.mod h1:pFQYn66WHrOpPYNljwOMqo10TkYh1fy3cYio2l3bCsQ=
github.com/kr/text v0.1.0 h1:45sCR5RtlFHMR4UwH9sdQ5TC8v0qDQCHnXt+kaKSTVE=
github.com/kr/text v0.1.0/go.mod h1:4Jbv+DJW3UT/LiOwJeYQe1efqtUx/iVham/4vfdArNI=
github.com/magiconair/properties v1.7.1-0.20160816085511-61b492c03cf4 h1:0z4tHs3fkvPujAtAFZIXCz+avXWmnPc09R5hJqOYTQM=
github.com/magiconair/properties v1.7.1-0.20160816085511-61b492c03cf4/go.mod h1:PppfXfuXeibc/6YijjN8zIbojt8czPbwD3XqdrwzmxQ=
github.com/mitchellh/mapstructure v0.0.0-20160808181253-ca63d7c062ee h1:kK7VuFVykgt0LfMSloWYjDOt4TnOcL0AxF0/rDq2VkM=
github.com/mitchellh/mapstructure v0.0.0-20160808181253-ca63d7c062ee/go.mod h1:FVVH3fgwuzCH5S8UJGiWEs2h04kUh9fWfEaFds41c1Y=
github.com/pelletier/go-buffruneio v0.1.0 h1:ig6N9Cg71k/P+UUbhwdOFtJWz+qa8/3by7AzMprMWBM=
github.com/pelletier/go-buffruneio v0.1.0/go.mod h1:JkE26KsDizTr40EUHkXVtNPvgGtbSNq5BcowyYOWdKo=
github.com/pelletier/go-toml v0.3.6-0.20160823074707-5a62685873ef h1:Q9hcpEIQSNmcOKiObRsAMsbpphGEQAyj3LgQlG1rnPA=
github.com/pelletier/go-toml v0.3.6-0.20160823074707-5a62685873ef/go.mod h1:5z9KED0ma1S8pY6P1sdut58dfprrGBbd/94hg7ilaic=
github.com/pkg/errors v0.8.0 h1:WdK/asTD0HN+q6hsWO3/vpuAkAr+tw6aNJNDFFf0+qw=
github.com/pkg/errors v0.8.0/go.mod h1:bwawxfHBFNV+L2hUp1rHADufV3IMtnDRdf1r5NINEl0=
github.com/pkg/sftp v0.0.0-20160721231453-a71e8f580e3b h1:p3ZQ3KfXTfqvTIW9govuviqoZo45Iw5ALEKIG1m96Uo=
github.com/pkg/sftp v0.0.0-20160721231453-a71e8f580e3b/go.mod h1:NxmoDg/QLVWluQDUYG7XBZTLUpKeFa8e3aMf1BfjyHk=
github.com/pmezard/go-difflib v1.0.0 h1:4DBwDE0NGyQoBHbLQYPwSUPoCMWR5BEzIk/f1lZbAQM=
github.com/pmezard/go-difflib v1.0.0/go.mod h1:iKH77koFhYxTK1pcRnkKkqfTogsbg7gZNVY4sRDYZ/4=
github.com/sirupsen/logrus v0.11.6-0.20170315151320-547e984ad93a h1:wzLI1qKBgHGRvHwnvAN5cZGjjn0gh+kp//5JRy9xMbQ=
github.com/sirupsen/logrus v0.11.6-0.20170315151320-547e984ad93a/go.mod h1:pMByvHTf9Beacp5x1UXfOR9xyW/9antXMhjMPG0dEzc=
github.com/spf13/afero v0.0.0-20160821083612-20500e2abd0d h1:sd1qRX4NJPdIHizg+E7cK0kFaJRjwfJFQyUJUguwIak=
github.com/spf13/afero v0.0.0-20160821083612-20500e2abd0d/go.mod h1:j4pytiNVoe2o6bmDsKpLACNPDBIoEAkihy7loJ1B0CQ=
github.com/spf13/cast v0.0.0-20160730092037-e31f36ffc91a h1:tPI5RnYZJhcXj0LhJ9pi7PS7gqOhuFR+4HEKyDz3BnQ=
github.com/spf13/cast v0.0.0-20160730092037-e31f36ffc91a/go.mod h1:r2rcYCSwa1IExKTDiTfzaxqT2FNHs8hODu4LnUfgKEg=
github.com/spf13/jwalterweatherman v0.0.0-20160311093646-33c24e77fb80 h1:evyGXhHMrxKBDkdlSPv9HMWV2o53o+Ibhm28BGc0450=
github.com/spf13/jwalterweatherman v0.0.0-20160311093646-33c24e77fb80/go.mod h1:cQK4TGJAtQXfYWX+Ddv3mKDzgVb68N+wFjFa4jdeBTo=
github.com/spf13/pflag v0.0.0-20160820154156-103ce5cd2042 h1:VWlVV19lRdqmaPmY4E9ZPm1jN+7q6AUdRaKZG5HO5zw=
github.com/spf13/pflag v0.0.0-20160820154156-103ce5cd2042/go.mod h1:DYY7MBk1bdzusC3SYhjObp+wFpr4gzcvqqNjLnInEg4=
github.com/spf13/viper v0.0.0-20160830143246-16990631d4aa h1:+yZESdfzohzq0Jtw+Cqbc8DzjoodNv3CB+BOww04drs=
github.com/spf13/viper v0.0.0-20160830143246-16990631d4aa/go.mod h1:A8kyI5cUJhb8N+3pkfONlcEcZbueH6nhAm0Fq7SrnBM=
github.com/streadway/amqp v0.0.0-20180528204448-e5adc2ada8b8 h1:l6epF6yBwuejBfhGkM5m8VSNM/QAm7ApGyH35ehA7eQ=
github.com/streadway/amqp v0.0.0-20180528204448-e5adc2ada8b8/go.mod h1:1WNBiOZtZQLpVAyu0iTduoJL9hEsMloAK5XWrtW0xdY=
github.com/stretchr/objx v0.1.0/go.mod h1:HFkY916IF+rwdDfMAkV7OtwuqBVzrE8GR6GFx+wExME=
github.com/stretchr/testify v1.7.0 h1:nwc3DEeHmmLAfoZucVR881uASk0Mfjw8xYJ99tb5CcY=
github.com/stretchr/testify v1.7.0/go.mod h1:6Fq8oRcR53rry900zMqJjRRixrwX3KX962/h/Wwjteg=
golang.org/x/crypto v0.0.0-20190308221718-c2843e01d9a2/go.mod h1:djNgcEr1/C05ACkg1iLfiJU5Ep61QUkGW8qpdssI0+w=
golang.org/x/crypto v0.0.0-20191011191535-87dc89f01550 h1:ObdrDkeb4kJdCP557AjRjq69pTHfNouLtWZG7j9rPN8=
golang.org/x/crypto v0.0.0-20191011191535-87dc89f01550/go.mod h1:yigFU9vqHzYiE8UmvKecakEJjdnWj3jj499lnFckfCI=
golang.org/x/net v0.0.0-20190404232315-eb5bcb51f2a3/go.mod h1:t9HGtf8HONx5eT2rtn7q6eTqICYqUVnKs3thJo3Qplg=
golang.org/x/sys v0.0.0-20190215142949-d0b11bdaac8a/go.mod h1:STP8DvDyc/dI5b8T5hshtkjS+E42TnysNCUPdjciGhY=
golang.org/x/sys v0.0.0-20190412213103-97732733099d h1:+R4KGOnez64A81RvjARKc4UT5/tI9ujCIVX+P5KiHuI=
golang.org/x/sys v0.0.0-20190412213103-97732733099d/go.mod h1:h1NjWce9XRLGQEsW7wpKNCjG9DtNlClVuFLEZdDNbEs=
golang.org/x/text v0.3.0 h1:g61tztE5qeGQ89tm6NTjjM9VPIm088od1l6aSorWRWg=
golang.org/x/text v0.3.0/go.mod h1:NqM8EUOU14njkJ3fqMW+pc6Ldnwhi/IjpwHt7yyuwOQ=
gopkg.in/check.v1 v0.0.0-20161208181325-20d25e280405/go.mod h1:Co6ibVJAznAaIkqp8huTwlJQCZ016jof/cbN4VW5Yz0=
gopkg.in/check.v1 v1.0.0-20201130134442-10cb98267c6c h1:Hei/4ADfdWqJk1ZMxUNpqntNwaWcugrBjAiHlqqRiVk=
gopkg.in/check.v1 v1.0.0-20201130134442-10cb98267c6c/go.mod h1:JHkPIbrfpd72SG/EVd6muEfDQjcINNoR0C8j2r3qZ4Q=
gopkg.in/cyverse-de/job-templates.v6 v6.0.0-20191010224106-1855b61f1b48 h1:rvxI2nb38rD0c7ecM47TQGz2Dv8lUdT7qkC90HfBX7s=
gopkg.in/cyverse-de/job-templates.v6 v6.0.0-20191010224106-1855b61f1b48/go.mod h1:tL07xxCFlNgswFZYkjiNapDQHxrYJMLzPoEPOh7OXcI=
gopkg.in/cyverse-de/messaging.v6 v6.0.0 h1:iZfgTk29MHRWf3BB//lhEoj28MsLSvAvL/moGTpPB7w=
gopkg.in/cyverse-de/messaging.v6 v6.0.0/go.mod h1:vVyYHrfPqNTL2wGtGPkgal83k1ekgkH88A/qiNlaWOo=
gopkg.in/cyverse-de/model.v4 v4.0.0-20191009005545-deb84d06e56c h1:EbZlU7+i/C6Yqikr+ejiuk57SS46fLxM8tAt6AeSCKQ=
gopkg.in/cyverse-de/model.v4 v4.0.0-20191009005545-deb84d06e56c/go.mod h1:HqIXwDCGrNLg/xyLDsJbg+DkDosGk9pddB/XHw9bcRU=
gopkg.in/yaml.v2 v2.0.0-20160715033755-e4d366fc3c79 h1:mENkfeXGmLV7lIyBeNdwYWdONek7pH9yHaHMgZyvIWE=
gopkg.in/yaml.v2 v2.0.0-20160715033755-e4d366fc3c79/go.mod h1:JAlM8MvJe8wmxCU4Bli9HhUf9+ttbYbLASfIpnQbh74=
gopkg.in/yaml.v3 v3.0.0-20200313102051-9f266ea9e77c h1:dUUwHk2QECo/6vqA44rthZ8ie2QXMNeKRTHCNY2nXvo=
gopkg.in/yaml.v3 v3.0.0-20200313102051-9f266ea9e77c/go.mod h1:K4uyk7z7BCEPqu6E+C64Yfv1cQ7kz7rIZviUmN+EgEM=
