# This file is autogenerated, do not edit; changes may be undone by the next 'dep ensure'.


[[projects]]
  name = "github.com/cyverse-de/configurate"
  packages = ["."]
  revision = "c595102a4541f21108b7b8fe6a3d9858aaab79c7"
  version = "0.2.1"

[[projects]]
  name = "github.com/cyverse-de/go-events"
  packages = ["ping"]
  revision = "85bdb8d67e312eb3a7a8d0bf1749509d0fd062ea"

[[projects]]
  name = "github.com/cyverse-de/logcabin"
  packages = ["."]
  revision = "fa67165f94282d904f7f908ca2edaa7e941f7557"

[[projects]]
  name = "github.com/cyverse-de/model"
  packages = ["submitfile"]
  revision = "bf8453314372d00979c0cdf7da069515acdbb6be"
  version = "v1"

[[projects]]
  branch = "master"
  name = "github.com/cyverse-de/vaulter"
  packages = ["."]
  revision = "2b05d3d15d7be68297844cda09968c3d186b3211"

[[projects]]
  name = "github.com/cyverse-de/version"
  packages = ["."]
  revision = "5119d6500655edb891bd2a37a1e1d255f168bbb6"

[[projects]]
  name = "github.com/fatih/structs"
  packages = ["."]
  revision = "a720dfa8df582c51dee1b36feabb906bde1588bd"
  version = "v1.0"

[[projects]]
  name = "github.com/fsnotify/fsnotify"
  packages = ["."]
  revision = "f12c6236fe7b5cf6bcf30e5935d08cb079d78334"

[[projects]]
  name = "github.com/golang/protobuf"
  packages = ["proto"]
  revision = "87c000235d3d852c1628dc9490cd21ab36a7d69f"

[[projects]]
  branch = "master"
  name = "github.com/hashicorp/errwrap"
  packages = ["."]
  revision = "7554cd9344cec97297fa6649b055a8c98c2a1e55"

[[projects]]
  branch = "master"
  name = "github.com/hashicorp/go-cleanhttp"
  packages = ["."]
  revision = "d5fe4b57a186c716b0e00b8c301cbd9b4182694d"

[[projects]]
  branch = "master"
  name = "github.com/hashicorp/go-multierror"
  packages = ["."]
  revision = "b7773ae218740a7be65057fc60b366a49b538a44"

[[projects]]
  branch = "master"
  name = "github.com/hashicorp/go-rootcerts"
  packages = ["."]
  revision = "6bb64b370b90e7ef1fa532be9e591a81c3493e00"

[[projects]]
  name = "github.com/hashicorp/hcl"
  packages = [
    ".",
    "hcl/ast",
    "hcl/parser",
    "hcl/scanner",
    "hcl/strconv",
    "hcl/token",
    "json/parser",
    "json/scanner",
    "json/token"
  ]
  revision = "baeb59c710717b06aac1dbe2270e8192ec593244"

[[projects]]
  name = "github.com/hashicorp/vault"
  packages = [
    "api",
    "helper/compressutil",
    "helper/jsonutil"
  ]
  revision = "cbb873d241f92e3b3443782bd9985a281e6c8e2f"

[[projects]]
  branch = "master"
  name = "github.com/kr/fs"
  packages = ["."]
  revision = "2788f0dbd16903de03cb8186e5c7d97b69ad387b"

[[projects]]
  name = "github.com/magiconair/properties"
  packages = ["."]
  revision = "61b492c03cf472e0c6419be5899b8e0dc28b1b88"

[[projects]]
  branch = "master"
  name = "github.com/mitchellh/go-homedir"
  packages = ["."]
  revision = "b8bc1bf767474819792c23f32d8286a45736f1c6"

[[projects]]
  name = "github.com/mitchellh/mapstructure"
  packages = ["."]
  revision = "ca63d7c062ee3c9f34db231e352b60012b4fd0c1"

[[projects]]
  name = "github.com/pelletier/go-buffruneio"
  packages = ["."]
  revision = "df1e16fde7fc330a0ca68167c23bf7ed6ac31d6d"
  version = "v0.1.0"

[[projects]]
  name = "github.com/pelletier/go-toml"
  packages = ["."]
  revision = "5a62685873ef617233ab5f1b825a6e4a758e16cf"

[[projects]]
  name = "github.com/pkg/errors"
  packages = ["."]
  revision = "645ef00459ed84a119197bfb8d8205042c6df63d"
  version = "v0.8.0"

[[projects]]
  name = "github.com/pkg/sftp"
  packages = ["."]
  revision = "a71e8f580e3b622ebff585309160b1cc549ef4d2"

[[projects]]
  branch = "master"
  name = "github.com/sethgrid/pester"
  packages = ["."]
  revision = "ed9870dad3170c0b25ab9b11830cc57c3a7798fb"

[[projects]]
  name = "github.com/sirupsen/logrus"
  packages = ["."]
  revision = "547e984ad93a90192134fc0fdb57a468edb514fe"

[[projects]]
  name = "github.com/spf13/afero"
  packages = [
    ".",
    "mem",
    "sftp"
  ]
  revision = "20500e2abd0d1f4564a499e83d11d6c73cd58c27"

[[projects]]
  name = "github.com/spf13/cast"
  packages = ["."]
  revision = "e31f36ffc91a2ba9ddb72a4b6a607ff9b3d3cb63"

[[projects]]
  name = "github.com/spf13/jwalterweatherman"
  packages = ["."]
  revision = "33c24e77fb80341fe7130ee7c594256ff08ccc46"

[[projects]]
  name = "github.com/spf13/pflag"
  packages = ["."]
  revision = "103ce5cd2042f2fe629c1957abb64ab3e7f50235"

[[projects]]
  name = "github.com/spf13/viper"
  packages = ["."]
  revision = "16990631d4aa7e38f73dbbbf37fa13e67c648531"

[[projects]]
  name = "github.com/streadway/amqp"
  packages = ["."]
  revision = "2e25825abdbd7752ff08b270d313b93519a0a232"

[[projects]]
  name = "golang.org/x/crypto"
  packages = [
    "curve25519",
    "ed25519",
    "ed25519/internal/edwards25519",
    "ssh"
  ]
  revision = "b13fc1fd382d01861b16b2e6474487d3d4d27f20"

[[projects]]
  branch = "master"
  name = "golang.org/x/net"
  packages = [
    "http/httpguts",
    "http2",
    "http2/hpack",
    "idna",
    "lex/httplex"
  ]
  revision = "5f9ae10d9af5b1c89ae6904293b14b064d4ada23"

[[projects]]
  name = "golang.org/x/sys"
  packages = ["unix"]
  revision = "a646d33e2ee3172a661fc09bca23bb4889a41bc8"

[[projects]]
  name = "golang.org/x/text"
  packages = [
    "collate",
    "collate/build",
    "internal/colltab",
    "internal/gen",
    "internal/tag",
    "internal/triegen",
    "internal/ucd",
    "language",
    "secure/bidirule",
    "transform",
    "unicode/bidi",
    "unicode/cldr",
    "unicode/norm",
    "unicode/rangetable"
  ]
  revision = "f21a4dfb5e38f5895301dc265a8def02365cc3d0"
  version = "v0.3.0"

[[projects]]
  name = "gopkg.in/cyverse-de/job-templates.v3"
  packages = ["."]
  revision = "61c03aec1d8bcc8ea6121e3e1dcd1dd85b2f57d6"
  version = "v3.5.5"

[[projects]]
  name = "gopkg.in/cyverse-de/messaging.v4"
  packages = ["."]
  revision = "bef7609a2fe6e9418eeb36906929abee2298cf93"
  version = "v4"

[[projects]]
  name = "gopkg.in/cyverse-de/model.v2"
  packages = ["."]
  revision = "4aff5a8d5de9eb2eeb6b1e9c19dbc443c5e8b347"
  version = "v2.10"

[[projects]]
  branch = "v2"
  name = "gopkg.in/yaml.v2"
  packages = ["."]
  revision = "e4d366fc3c7938e2958e662b4258c7a89e1f0e3e"

[solve-meta]
  analyzer-name = "dep"
  analyzer-version = 1
  inputs-digest = "dc8d6ca62636045c1e65c324a8acd0123f271a4e74996e1bc170a16ab5bb730f"
  solver-name = "gps-cdcl"
  solver-version = 1
